
Microsoft Visual Studio Solution File, Format Version 12.00
# Visual Studio Version 17
VisualStudioVersion = 17.12.35707.178 d17.12
MinimumVisualStudioVersion = 10.0.40219.1
Project("{FAE04EC0-301F-11D3-BF4B-00C04F79EFBC}") = "BiciReserva", "BiciReserva\BiciReserva.csproj", "{36AC0AF9-3521-4796-99C6-DD5E676CCC70}"
EndProject
Project("{FAE04EC0-301F-11D3-BF4B-00C04F79EFBC}") = "BiciReserva.Client", "BiciReserva.Client\BiciReserva.Client.csproj", "{A2DEC065-5C9C-465C-A27D-9C3D9A4EC539}"
EndProject
Global
	GlobalSection(SolutionConfigurationPlatforms) = preSolution
		Debug|Any CPU = Debug|Any CPU
		Release|Any CPU = Release|Any CPU
	EndGlobalSection
	GlobalSection(ProjectConfigurationPlatforms) = postSolution
		{36AC0AF9-3521-4796-99C6-DD5E676CCC70}.Debug|Any CPU.ActiveCfg = Debug|Any CPU
		{36AC0AF9-3521-4796-99C6-DD5E676CCC70}.Debug|Any CPU.Build.0 = Debug|Any CPU
		{36AC0AF9-3521-4796-99C6-DD5E676CCC70}.Release|Any CPU.ActiveCfg = Release|Any CPU
		{36AC0AF9-3521-4796-99C6-DD5E676CCC70}.Release|Any CPU.Build.0 = Release|Any CPU
		{A2DEC065-5C9C-465C-A27D-9C3D9A4EC539}.Debug|Any CPU.ActiveCfg = Debug|Any CPU
		{A2DEC065-5C9C-465C-A27D-9C3D9A4EC539}.Debug|Any CPU.Build.0 = Debug|Any CPU
		{A2DEC065-5C9C-465C-A27D-9C3D9A4EC539}.Release|Any CPU.ActiveCfg = Release|Any CPU
		{A2DEC065-5C9C-465C-A27D-9C3D9A4EC539}.Release|Any CPU.Build.0 = Release|Any CPU
	EndGlobalSection
	GlobalSection(SolutionProperties) = preSolution
		HideSolutionNode = FALSE
	EndGlobalSection
EndGlobal
